
Microsoft Visual Studio Solution File, Format Version 12.00
Project("{FAE04EC0-301F-11D3-BF4B-00C04F79EFBC}") = "API", "API\API.csproj", "{FCFC77F1-7581-4627-AF42-C3B4AFD77495}"
EndProject
Global
	GlobalSection(SolutionConfigurationPlatforms) = preSolution
		Debug|Any CPU = Debug|Any CPU
		Release|Any CPU = Release|Any CPU
	EndGlobalSection
	GlobalSection(ProjectConfigurationPlatforms) = postSolution
		{FCFC77F1-7581-4627-AF42-C3B4AFD77495}.Debug|Any CPU.ActiveCfg = Debug|Any CPU
		{FCFC77F1-7581-4627-AF42-C3B4AFD77495}.Debug|Any CPU.Build.0 = Debug|Any CPU
		{FCFC77F1-7581-4627-AF42-C3B4AFD77495}.Release|Any CPU.ActiveCfg = Release|Any CPU
		{FCFC77F1-7581-4627-AF42-C3B4AFD77495}.Release|Any CPU.Build.0 = Release|Any CPU
	EndGlobalSection
EndGlobal
